
Microsoft Visual Studio Solution File, Format Version 12.00
# Visual Studio Version 17
VisualStudioVersion = 17.10.35013.160
MinimumVisualStudioVersion = 10.0.40219.1
Project("{FAE04EC0-301F-11D3-BF4B-00C04F79EFBC}") = "assignment 25", "assignment 25\assignment 25.csproj", "{E6E41E73-4AA0-44C1-ABD3-E5ACF81D569D}"
EndProject
Global
	GlobalSection(SolutionConfigurationPlatforms) = preSolution
		Debug|Any CPU = Debug|Any CPU
		Release|Any CPU = Release|Any CPU
	EndGlobalSection
	GlobalSection(ProjectConfigurationPlatforms) = postSolution
		{E6E41E73-4AA0-44C1-ABD3-E5ACF81D569D}.Debug|Any CPU.ActiveCfg = Debug|Any CPU
		{E6E41E73-4AA0-44C1-ABD3-E5ACF81D569D}.Debug|Any CPU.Build.0 = Debug|Any CPU
		{E6E41E73-4AA0-44C1-ABD3-E5ACF81D569D}.Release|Any CPU.ActiveCfg = Release|Any CPU
		{E6E41E73-4AA0-44C1-ABD3-E5ACF81D569D}.Release|Any CPU.Build.0 = Release|Any CPU
	EndGlobalSection
	GlobalSection(SolutionProperties) = preSolution
		HideSolutionNode = FALSE
	EndGlobalSection
	GlobalSection(ExtensibilityGlobals) = postSolution
		SolutionGuid = {2EA30552-15ED-40DF-97F4-B1F1740D9D24}
	EndGlobalSection
EndGlobal
